# This file is autogenerated, do not edit; changes may be undone by the next 'dep ensure'.


[[projects]]
  name = "github.com/BurntSushi/toml"
  packages = ["."]
  revision = "b26d9c308763d68093482582cea63d69be07a0f0"
  version = "v0.3.0"

[[projects]]
  name = "github.com/eclipse/paho.mqtt.golang"
  packages = [
    ".",
    "packets"
  ]
  revision = "36d01c2b4cbeb3d2a12063e4880ce30800af9560"
  version = "v1.1.1"

[[projects]]
  branch = "master"
  name = "github.com/paypal/gatt"
  packages = [
    ".",
    "examples/option",
    "linux",
    "linux/cmd",
    "linux/evt",
    "linux/gioctl",
    "linux/socket",
    "linux/util",
    "xpc"
  ]
  revision = "ba7c25d39e1b71a5b3f3d83844a46ab8b88dbb34"
  source = "github.com/robstrong/gatt"

[[projects]]
  branch = "master"
  name = "golang.org/x/net"
  packages = [
    "internal/socks",
    "proxy",
    "websocket"
  ]
  revision = "afe8f62b1d6bbd81f31868121a50b06d8188e1f9"

[solve-meta]
  analyzer-name = "dep"
  analyzer-version = 1
  inputs-digest = "c8faba98da9f63b806e64be0a67d0e386a92007e696d92525e5ec565db8c19d5"
  solver-name = "gps-cdcl"
  solver-version = 1
